
Microsoft Visual Studio Solution File, Format Version 12.00
# Visual Studio Version 17
VisualStudioVersion = 17.0.31611.283
MinimumVisualStudioVersion = 10.0.40219.1
Project("{9A19103F-16F7-4668-BE54-9A1E7A4F7556}") = "FlowHub.Main", "FlowHub.Main\FlowHub.Main.csproj", "{B24F69FF-2FA3-452E-BB92-23AC5ADB6496}"
	ProjectSection(ProjectDependencies) = postProject
		{11D27C00-4EEB-4A33-A5EE-9207EDD53190} = {11D27C00-4EEB-4A33-A5EE-9207EDD53190}
		{2DAE4FA3-F7FB-463B-B074-511746628C6C} = {2DAE4FA3-F7FB-463B-B074-511746628C6C}
	EndProjectSection
EndProject
Project("{FAE04EC0-301F-11D3-BF4B-00C04F79EFBC}") = "FlowHub.Models", "FlowHub.Models\FlowHub.Models.csproj", "{11D27C00-4EEB-4A33-A5EE-9207EDD53190}"
EndProject
Project("{FAE04EC0-301F-11D3-BF4B-00C04F79EFBC}") = "FlowHub.DataAccess", "FlowHub.DataAccess\FlowHub.DataAccess.csproj", "{2DAE4FA3-F7FB-463B-B074-511746628C6C}"
EndProject
Global
	GlobalSection(SolutionConfigurationPlatforms) = preSolution
		Debug|Any CPU = Debug|Any CPU
		Release|Any CPU = Release|Any CPU
	EndGlobalSection
	GlobalSection(ProjectConfigurationPlatforms) = postSolution
		{B24F69FF-2FA3-452E-BB92-23AC5ADB6496}.Debug|Any CPU.ActiveCfg = Debug|Any CPU
		{B24F69FF-2FA3-452E-BB92-23AC5ADB6496}.Debug|Any CPU.Build.0 = Debug|Any CPU
		{B24F69FF-2FA3-452E-BB92-23AC5ADB6496}.Debug|Any CPU.Deploy.0 = Debug|Any CPU
		{B24F69FF-2FA3-452E-BB92-23AC5ADB6496}.Release|Any CPU.ActiveCfg = Release|Any CPU
		{B24F69FF-2FA3-452E-BB92-23AC5ADB6496}.Release|Any CPU.Build.0 = Release|Any CPU
		{B24F69FF-2FA3-452E-BB92-23AC5ADB6496}.Release|Any CPU.Deploy.0 = Release|Any CPU
		{11D27C00-4EEB-4A33-A5EE-9207EDD53190}.Debug|Any CPU.ActiveCfg = Debug|Any CPU
		{11D27C00-4EEB-4A33-A5EE-9207EDD53190}.Debug|Any CPU.Build.0 = Debug|Any CPU
		{11D27C00-4EEB-4A33-A5EE-9207EDD53190}.Release|Any CPU.ActiveCfg = Release|Any CPU
		{11D27C00-4EEB-4A33-A5EE-9207EDD53190}.Release|Any CPU.Build.0 = Release|Any CPU
		{2DAE4FA3-F7FB-463B-B074-511746628C6C}.Debug|Any CPU.ActiveCfg = Debug|Any CPU
		{2DAE4FA3-F7FB-463B-B074-511746628C6C}.Debug|Any CPU.Build.0 = Debug|Any CPU
		{2DAE4FA3-F7FB-463B-B074-511746628C6C}.Release|Any CPU.ActiveCfg = Release|Any CPU
		{2DAE4FA3-F7FB-463B-B074-511746628C6C}.Release|Any CPU.Build.0 = Release|Any CPU
	EndGlobalSection
	GlobalSection(SolutionProperties) = preSolution
		HideSolutionNode = FALSE
	EndGlobalSection
	GlobalSection(ExtensibilityGlobals) = postSolution
		SolutionGuid = {61F7FB11-1E47-470C-91E2-47F8143E1572}
	EndGlobalSection
EndGlobal
